
Microsoft Visual Studio Solution File, Format Version 12.00
# Visual Studio 15
VisualStudioVersion = 15.0.26430.14
MinimumVisualStudioVersion = 10.0.40219.1
Project("{8BC9CEB8-8B4A-11D0-8D11-00A0C91BC942}") = "Tutorial01", "Tutorial01\Tutorial01.vcxproj", "{5A4234BA-9B20-4CD4-B9F0-D7BC800EDB93}"
EndProject
Project("{8BC9CEB8-8B4A-11D0-8D11-00A0C91BC942}") = "Tutorial02", "Tutorial02\Tutorial02.vcxproj", "{C6A023A0-F744-438D-B7D7-C6042C61E72B}"
EndProject
Project("{8BC9CEB8-8B4A-11D0-8D11-00A0C91BC942}") = "Tutorial03", "Tutorial03\Tutorial03.vcxproj", "{2087185B-B9BD-4EF7-992E-7CA1D3448E7D}"
EndProject
Project("{8BC9CEB8-8B4A-11D0-8D11-00A0C91BC942}") = "Tutorial04", "Tutorial04\Tutorial04.vcxproj", "{66BCEE72-D893-4DB1-9FC7-70652436E1B3}"
EndProject
Project("{8BC9CEB8-8B4A-11D0-8D11-00A0C91BC942}") = "Tutorial05", "Tutorial05\Tutorial05.vcxproj", "{736C1E26-5C06-4AA2-975B-E5A6F163DBFA}"
EndProject
Project("{8BC9CEB8-8B4A-11D0-8D11-00A0C91BC942}") = "Tutorial06", "Tutorial06\Tutorial06.vcxproj", "{CFB089B8-96A0-4DB5-A232-3BDD2A7224CD}"
EndProject
Project("{8BC9CEB8-8B4A-11D0-8D11-00A0C91BC942}") = "Tutorial07", "Tutorial07\Tutorial07.vcxproj", "{CE5AF997-DD4D-4D2F-A29A-A8E8CC890DED}"
EndProject
Project("{8BC9CEB8-8B4A-11D0-8D11-00A0C91BC942}") = "Tutorial08", "Tutorial08\Tutorial08.vcxproj", "{506C207D-703E-40CC-AB0F-3B15CB40F310}"
EndProject
Project("{8BC9CEB8-8B4A-11D0-8D11-00A0C91BC942}") = "Tutorial09", "Tutorial09\Tutorial09.vcxproj", "{DA833FF7-B8CE-4D92-8C60-09F2A7BF91C3}"
EndProject
Project("{8BC9CEB8-8B4A-11D0-8D11-00A0C91BC942}") = "Tutorial10", "Tutorial10\Tutorial10.vcxproj", "{774631A9-8B13-4382-8183-339AAD35F14D}"
EndProject
Project("{8BC9CEB8-8B4A-11D0-8D11-00A0C91BC942}") = "Tutorial11", "Tutorial11\Tutorial11.vcxproj", "{2E3E9AB5-1A3E-4F43-9946-81A414A802D1}"
EndProject
Project("{8BC9CEB8-8B4A-11D0-8D11-00A0C91BC942}") = "Tutorial12", "Tutorial12\Tutorial12.vcxproj", "{792346EB-1467-48AF-97BF-634E6DE065AC}"
EndProject
Project("{8BC9CEB8-8B4A-11D0-8D11-00A0C91BC942}") = "Tutorial13", "Tutorial13\Tutorial13.vcxproj", "{96DE2CAD-2F47-4686-BF6D-A9C5AB69E326}"
EndProject
Project("{8BC9CEB8-8B4A-11D0-8D11-00A0C91BC942}") = "Tutorial14", "Tutorial14\Tutorial14.vcxproj", "{A5C23ACC-44EF-4762-A181-0FB04E151E90}"
EndProject
Project("{8BC9CEB8-8B4A-11D0-8D11-00A0C91BC942}") = "Tutorial15", "Tutorial15\Tutorial15.vcxproj", "{A2C3E198-B590-4152-B6B5-0CB9E7F7188D}"
EndProject
Project("{8BC9CEB8-8B4A-11D0-8D11-00A0C91BC942}") = "Tutorial16", "Tutorial16\Tutorial16.vcxproj", "{6719132A-B814-4E71-AEA1-0213F9910FE5}"
EndProject
Project("{8BC9CEB8-8B4A-11D0-8D11-00A0C91BC942}") = "Tutorial17", "Tutorial17\Tutorial17.vcxproj", "{04070D1B-9784-47E5-B2D9-4F4C720890C0}"
EndProject
Project("{8BC9CEB8-8B4A-11D0-8D11-00A0C91BC942}") = "Tutorial18", "Tutorial18\Tutorial18.vcxproj", "{4AC1E30A-5B26-4801-B5C5-83E09382A7CF}"
EndProject
Project("{8BC9CEB8-8B4A-11D0-8D11-00A0C91BC942}") = "Tutorial19", "Tutorial19\Tutorial19.vcxproj", "{55BF4BCB-69EC-4288-AEAF-BC30CA426836}"
EndProject
Project("{8BC9CEB8-8B4A-11D0-8D11-00A0C91BC942}") = "Tutorial20", "Tutorial20\Tutorial20.vcxproj", "{0012B9D0-206A-479F-A940-E24B0245C504}"
EndProject
Project("{8BC9CEB8-8B4A-11D0-8D11-00A0C91BC942}") = "Tutorial21", "Tutorial21\Tutorial21.vcxproj", "{342AF85E-722F-4D61-B7AE-4C89AB3E92E1}"
EndProject
Project("{8BC9CEB8-8B4A-11D0-8D11-00A0C91BC942}") = "Tutorial22", "Tutorial22\Tutorial22.vcxproj", "{C66C47A8-99EB-4A15-BB04-5C2C05B4543C}"
EndProject
Project("{8BC9CEB8-8B4A-11D0-8D11-00A0C91BC942}") = "Tutorial23", "Tutorial23\Tutorial23.vcxproj", "{062AF749-266A-4F79-A93A-6254641FB2A8}"
EndProject
Project("{8BC9CEB8-8B4A-11D0-8D11-00A0C91BC942}") = "Tutorial24", "Tutorial24\Tutorial24.vcxproj", "{A35032CB-1ADC-45C9-A9CB-FAF9194B54ED}"
EndProject
Project("{8BC9CEB8-8B4A-11D0-8D11-00A0C91BC942}") = "Tutorial25", "Tutorial25\Tutorial25.vcxproj", "{25F27419-C450-44D0-98F7-350DAF7705B1}"
EndProject
Global
	GlobalSection(SolutionConfigurationPlatforms) = preSolution
		Debug|Any CPU = Debug|Any CPU
		Debug|x64 = Debug|x64
		Debug|x86 = Debug|x86
		Release|Any CPU = Release|Any CPU
		Release|x64 = Release|x64
		Release|x86 = Release|x86
	EndGlobalSection
	GlobalSection(ProjectConfigurationPlatforms) = postSolution
		{5A4234BA-9B20-4CD4-B9F0-D7BC800EDB93}.Debug|Any CPU.ActiveCfg = Debug|Win32
		{5A4234BA-9B20-4CD4-B9F0-D7BC800EDB93}.Debug|x64.ActiveCfg = Debug|x64
		{5A4234BA-9B20-4CD4-B9F0-D7BC800EDB93}.Debug|x64.Build.0 = Debug|x64
		{5A4234BA-9B20-4CD4-B9F0-D7BC800EDB93}.Debug|x86.ActiveCfg = Debug|Win32
		{5A4234BA-9B20-4CD4-B9F0-D7BC800EDB93}.Debug|x86.Build.0 = Debug|Win32
		{5A4234BA-9B20-4CD4-B9F0-D7BC800EDB93}.Release|Any CPU.ActiveCfg = Release|Win32
		{5A4234BA-9B20-4CD4-B9F0-D7BC800EDB93}.Release|x64.ActiveCfg = Release|x64
		{5A4234BA-9B20-4CD4-B9F0-D7BC800EDB93}.Release|x64.Build.0 = Release|x64
		{5A4234BA-9B20-4CD4-B9F0-D7BC800EDB93}.Release|x86.ActiveCfg = Release|Win32
		{5A4234BA-9B20-4CD4-B9F0-D7BC800EDB93}.Release|x86.Build.0 = Release|Win32
		{C6A023A0-F744-438D-B7D7-C6042C61E72B}.Debug|Any CPU.ActiveCfg = Debug|Win32
		{C6A023A0-F744-438D-B7D7-C6042C61E72B}.Debug|x64.ActiveCfg = Debug|x64
		{C6A023A0-F744-438D-B7D7-C6042C61E72B}.Debug|x64.Build.0 = Debug|x64
		{C6A023A0-F744-438D-B7D7-C6042C61E72B}.Debug|x86.ActiveCfg = Debug|Win32
		{C6A023A0-F744-438D-B7D7-C6042C61E72B}.Debug|x86.Build.0 = Debug|Win32
		{C6A023A0-F744-438D-B7D7-C6042C61E72B}.Release|Any CPU.ActiveCfg = Release|Win32
		{C6A023A0-F744-438D-B7D7-C6042C61E72B}.Release|x64.ActiveCfg = Release|x64
		{C6A023A0-F744-438D-B7D7-C6042C61E72B}.Release|x64.Build.0 = Release|x64
		{C6A023A0-F744-438D-B7D7-C6042C61E72B}.Release|x86.ActiveCfg = Release|Win32
		{C6A023A0-F744-438D-B7D7-C6042C61E72B}.Release|x86.Build.0 = Release|Win32
		{2087185B-B9BD-4EF7-992E-7CA1D3448E7D}.Debug|Any CPU.ActiveCfg = Debug|Win32
		{2087185B-B9BD-4EF7-992E-7CA1D3448E7D}.Debug|x64.ActiveCfg = Debug|x64
		{2087185B-B9BD-4EF7-992E-7CA1D3448E7D}.Debug|x64.Build.0 = Debug|x64
		{2087185B-B9BD-4EF7-992E-7CA1D3448E7D}.Debug|x86.ActiveCfg = Debug|Win32
		{2087185B-B9BD-4EF7-992E-7CA1D3448E7D}.Debug|x86.Build.0 = Debug|Win32
		{2087185B-B9BD-4EF7-992E-7CA1D3448E7D}.Release|Any CPU.ActiveCfg = Release|Win32
		{2087185B-B9BD-4EF7-992E-7CA1D3448E7D}.Release|x64.ActiveCfg = Release|x64
		{2087185B-B9BD-4EF7-992E-7CA1D3448E7D}.Release|x64.Build.0 = Release|x64
		{2087185B-B9BD-4EF7-992E-7CA1D3448E7D}.Release|x86.ActiveCfg = Release|Win32
		{2087185B-B9BD-4EF7-992E-7CA1D3448E7D}.Release|x86.Build.0 = Release|Win32
		{66BCEE72-D893-4DB1-9FC7-70652436E1B3}.Debug|Any CPU.ActiveCfg = Debug|Win32
		{66BCEE72-D893-4DB1-9FC7-70652436E1B3}.Debug|x64.ActiveCfg = Debug|x64
		{66BCEE72-D893-4DB1-9FC7-70652436E1B3}.Debug|x64.Build.0 = Debug|x64
		{66BCEE72-D893-4DB1-9FC7-70652436E1B3}.Debug|x86.ActiveCfg = Debug|Win32
		{66BCEE72-D893-4DB1-9FC7-70652436E1B3}.Debug|x86.Build.0 = Debug|Win32
		{66BCEE72-D893-4DB1-9FC7-70652436E1B3}.Release|Any CPU.ActiveCfg = Release|Win32
		{66BCEE72-D893-4DB1-9FC7-70652436E1B3}.Release|x64.ActiveCfg = Release|x64
		{66BCEE72-D893-4DB1-9FC7-70652436E1B3}.Release|x64.Build.0 = Release|x64
		{66BCEE72-D893-4DB1-9FC7-70652436E1B3}.Release|x86.ActiveCfg = Release|Win32
		{66BCEE72-D893-4DB1-9FC7-70652436E1B3}.Release|x86.Build.0 = Release|Win32
		{736C1E26-5C06-4AA2-975B-E5A6F163DBFA}.Debug|Any CPU.ActiveCfg = Debug|Win32
		{736C1E26-5C06-4AA2-975B-E5A6F163DBFA}.Debug|x64.ActiveCfg = Debug|x64
		{736C1E26-5C06-4AA2-975B-E5A6F163DBFA}.Debug|x64.Build.0 = Debug|x64
		{736C1E26-5C06-4AA2-975B-E5A6F163DBFA}.Debug|x86.ActiveCfg = Debug|Win32
		{736C1E26-5C06-4AA2-975B-E5A6F163DBFA}.Debug|x86.Build.0 = Debug|Win32
		{736C1E26-5C06-4AA2-975B-E5A6F163DBFA}.Release|Any CPU.ActiveCfg = Release|Win32
		{736C1E26-5C06-4AA2-975B-E5A6F163DBFA}.Release|x64.ActiveCfg = Release|x64
		{736C1E26-5C06-4AA2-975B-E5A6F163DBFA}.Release|x64.Build.0 = Release|x64
		{736C1E26-5C06-4AA2-975B-E5A6F163DBFA}.Release|x86.ActiveCfg = Release|Win32
		{736C1E26-5C06-4AA2-975B-E5A6F163DBFA}.Release|x86.Build.0 = Release|Win32
		{CFB089B8-96A0-4DB5-A232-3BDD2A7224CD}.Debug|Any CPU.ActiveCfg = Debug|Win32
		{CFB089B8-96A0-4DB5-A232-3BDD2A7224CD}.Debug|x64.ActiveCfg = Debug|x64
		{CFB089B8-96A0-4DB5-A232-3BDD2A7224CD}.Debug|x64.Build.0 = Debug|x64
		{CFB089B8-96A0-4DB5-A232-3BDD2A7224CD}.Debug|x86.ActiveCfg = Debug|Win32
		{CFB089B8-96A0-4DB5-A232-3BDD2A7224CD}.Debug|x86.Build.0 = Debug|Win32
		{CFB089B8-96A0-4DB5-A232-3BDD2A7224CD}.Release|Any CPU.ActiveCfg = Release|Win32
		{CFB089B8-96A0-4DB5-A232-3BDD2A7224CD}.Release|x64.ActiveCfg = Release|x64
		{CFB089B8-96A0-4DB5-A232-3BDD2A7224CD}.Release|x64.Build.0 = Release|x64
		{CFB089B8-96A0-4DB5-A232-3BDD2A7224CD}.Release|x86.ActiveCfg = Release|Win32
		{CFB089B8-96A0-4DB5-A232-3BDD2A7224CD}.Release|x86.Build.0 = Release|Win32
		{CE5AF997-DD4D-4D2F-A29A-A8E8CC890DED}.Debug|Any CPU.ActiveCfg = Debug|Win32
		{CE5AF997-DD4D-4D2F-A29A-A8E8CC890DED}.Debug|x64.ActiveCfg = Debug|x64
		{CE5AF997-DD4D-4D2F-A29A-A8E8CC890DED}.Debug|x64.Build.0 = Debug|x64
		{CE5AF997-DD4D-4D2F-A29A-A8E8CC890DED}.Debug|x86.ActiveCfg = Debug|Win32
		{CE5AF997-DD4D-4D2F-A29A-A8E8CC890DED}.Debug|x86.Build.0 = Debug|Win32
		{CE5AF997-DD4D-4D2F-A29A-A8E8CC890DED}.Release|Any CPU.ActiveCfg = Release|Win32
		{CE5AF997-DD4D-4D2F-A29A-A8E8CC890DED}.Release|x64.ActiveCfg = Release|x64
		{CE5AF997-DD4D-4D2F-A29A-A8E8CC890DED}.Release|x64.Build.0 = Release|x64
		{CE5AF997-DD4D-4D2F-A29A-A8E8CC890DED}.Release|x86.ActiveCfg = Release|Win32
		{CE5AF997-DD4D-4D2F-A29A-A8E8CC890DED}.Release|x86.Build.0 = Release|Win32
		{506C207D-703E-40CC-AB0F-3B15CB40F310}.Debug|Any CPU.ActiveCfg = Debug|Win32
		{506C207D-703E-40CC-AB0F-3B15CB40F310}.Debug|x64.ActiveCfg = Debug|x64
		{506C207D-703E-40CC-AB0F-3B15CB40F310}.Debug|x64.Build.0 = Debug|x64
		{506C207D-703E-40CC-AB0F-3B15CB40F310}.Debug|x86.ActiveCfg = Debug|Win32
		{506C207D-703E-40CC-AB0F-3B15CB40F310}.Debug|x86.Build.0 = Debug|Win32
		{506C207D-703E-40CC-AB0F-3B15CB40F310}.Release|Any CPU.ActiveCfg = Release|Win32
		{506C207D-703E-40CC-AB0F-3B15CB40F310}.Release|x64.ActiveCfg = Release|x64
		{506C207D-703E-40CC-AB0F-3B15CB40F310}.Release|x64.Build.0 = Release|x64
		{506C207D-703E-40CC-AB0F-3B15CB40F310}.Release|x86.ActiveCfg = Release|Win32
		{506C207D-703E-40CC-AB0F-3B15CB40F310}.Release|x86.Build.0 = Release|Win32
		{DA833FF7-B8CE-4D92-8C60-09F2A7BF91C3}.Debug|Any CPU.ActiveCfg = Debug|Win32
		{DA833FF7-B8CE-4D92-8C60-09F2A7BF91C3}.Debug|x64.ActiveCfg = Debug|x64
		{DA833FF7-B8CE-4D92-8C60-09F2A7BF91C3}.Debug|x64.Build.0 = Debug|x64
		{DA833FF7-B8CE-4D92-8C60-09F2A7BF91C3}.Debug|x86.ActiveCfg = Debug|Win32
		{DA833FF7-B8CE-4D92-8C60-09F2A7BF91C3}.Debug|x86.Build.0 = Debug|Win32
		{DA833FF7-B8CE-4D92-8C60-09F2A7BF91C3}.Release|Any CPU.ActiveCfg = Release|Win32
		{DA833FF7-B8CE-4D92-8C60-09F2A7BF91C3}.Release|x64.ActiveCfg = Release|x64
		{DA833FF7-B8CE-4D92-8C60-09F2A7BF91C3}.Release|x64.Build.0 = Release|x64
		{DA833FF7-B8CE-4D92-8C60-09F2A7BF91C3}.Release|x86.ActiveCfg = Release|Win32
		{DA833FF7-B8CE-4D92-8C60-09F2A7BF91C3}.Release|x86.Build.0 = Release|Win32
		{774631A9-8B13-4382-8183-339AAD35F14D}.Debug|Any CPU.ActiveCfg = Debug|Win32
		{774631A9-8B13-4382-8183-339AAD35F14D}.Debug|x64.ActiveCfg = Debug|x64
		{774631A9-8B13-4382-8183-339AAD35F14D}.Debug|x64.Build.0 = Debug|x64
		{774631A9-8B13-4382-8183-339AAD35F14D}.Debug|x86.ActiveCfg = Debug|Win32
		{774631A9-8B13-4382-8183-339AAD35F14D}.Debug|x86.Build.0 = Debug|Win32
		{774631A9-8B13-4382-8183-339AAD35F14D}.Release|Any CPU.ActiveCfg = Release|Win32
		{774631A9-8B13-4382-8183-339AAD35F14D}.Release|x64.ActiveCfg = Release|x64
		{774631A9-8B13-4382-8183-339AAD35F14D}.Release|x64.Build.0 = Release|x64
		{774631A9-8B13-4382-8183-339AAD35F14D}.Release|x86.ActiveCfg = Release|Win32
		{774631A9-8B13-4382-8183-339AAD35F14D}.Release|x86.Build.0 = Release|Win32
		{2E3E9AB5-1A3E-4F43-9946-81A414A802D1}.Debug|Any CPU.ActiveCfg = Debug|Win32
		{2E3E9AB5-1A3E-4F43-9946-81A414A802D1}.Debug|x64.ActiveCfg = Debug|x64
		{2E3E9AB5-1A3E-4F43-9946-81A414A802D1}.Debug|x64.Build.0 = Debug|x64
		{2E3E9AB5-1A3E-4F43-9946-81A414A802D1}.Debug|x86.ActiveCfg = Debug|Win32
		{2E3E9AB5-1A3E-4F43-9946-81A414A802D1}.Debug|x86.Build.0 = Debug|Win32
		{2E3E9AB5-1A3E-4F43-9946-81A414A802D1}.Release|Any CPU.ActiveCfg = Release|Win32
		{2E3E9AB5-1A3E-4F43-9946-81A414A802D1}.Release|x64.ActiveCfg = Release|x64
		{2E3E9AB5-1A3E-4F43-9946-81A414A802D1}.Release|x64.Build.0 = Release|x64
		{2E3E9AB5-1A3E-4F43-9946-81A414A802D1}.Release|x86.ActiveCfg = Release|Win32
		{2E3E9AB5-1A3E-4F43-9946-81A414A802D1}.Release|x86.Build.0 = Release|Win32
		{792346EB-1467-48AF-97BF-634E6DE065AC}.Debug|Any CPU.ActiveCfg = Debug|Win32
		{792346EB-1467-48AF-97BF-634E6DE065AC}.Debug|x64.ActiveCfg = Debug|x64
		{792346EB-1467-48AF-97BF-634E6DE065AC}.Debug|x64.Build.0 = Debug|x64
		{792346EB-1467-48AF-97BF-634E6DE065AC}.Debug|x86.ActiveCfg = Debug|Win32
		{792346EB-1467-48AF-97BF-634E6DE065AC}.Debug|x86.Build.0 = Debug|Win32
		{792346EB-1467-48AF-97BF-634E6DE065AC}.Release|Any CPU.ActiveCfg = Release|Win32
		{792346EB-1467-48AF-97BF-634E6DE065AC}.Release|x64.ActiveCfg = Release|x64
		{792346EB-1467-48AF-97BF-634E6DE065AC}.Release|x64.Build.0 = Release|x64
		{792346EB-1467-48AF-97BF-634E6DE065AC}.Release|x86.ActiveCfg = Release|Win32
		{792346EB-1467-48AF-97BF-634E6DE065AC}.Release|x86.Build.0 = Release|Win32
		{96DE2CAD-2F47-4686-BF6D-A9C5AB69E326}.Debug|Any CPU.ActiveCfg = Debug|Win32
		{96DE2CAD-2F47-4686-BF6D-A9C5AB69E326}.Debug|x64.ActiveCfg = Debug|x64
		{96DE2CAD-2F47-4686-BF6D-A9C5AB69E326}.Debug|x64.Build.0 = Debug|x64
		{96DE2CAD-2F47-4686-BF6D-A9C5AB69E326}.Debug|x86.ActiveCfg = Debug|Win32
		{96DE2CAD-2F47-4686-BF6D-A9C5AB69E326}.Debug|x86.Build.0 = Debug|Win32
		{96DE2CAD-2F47-4686-BF6D-A9C5AB69E326}.Release|Any CPU.ActiveCfg = Release|Win32
		{96DE2CAD-2F47-4686-BF6D-A9C5AB69E326}.Release|x64.ActiveCfg = Release|x64
		{96DE2CAD-2F47-4686-BF6D-A9C5AB69E326}.Release|x64.Build.0 = Release|x64
		{96DE2CAD-2F47-4686-BF6D-A9C5AB69E326}.Release|x86.ActiveCfg = Release|Win32
		{96DE2CAD-2F47-4686-BF6D-A9C5AB69E326}.Release|x86.Build.0 = Release|Win32
		{A5C23ACC-44EF-4762-A181-0FB04E151E90}.Debug|Any CPU.ActiveCfg = Debug|Win32
		{A5C23ACC-44EF-4762-A181-0FB04E151E90}.Debug|x64.ActiveCfg = Debug|x64
		{A5C23ACC-44EF-4762-A181-0FB04E151E90}.Debug|x64.Build.0 = Debug|x64
		{A5C23ACC-44EF-4762-A181-0FB04E151E90}.Debug|x86.ActiveCfg = Debug|Win32
		{A5C23ACC-44EF-4762-A181-0FB04E151E90}.Debug|x86.Build.0 = Debug|Win32
		{A5C23ACC-44EF-4762-A181-0FB04E151E90}.Release|Any CPU.ActiveCfg = Release|Win32
		{A5C23ACC-44EF-4762-A181-0FB04E151E90}.Release|x64.ActiveCfg = Release|x64
		{A5C23ACC-44EF-4762-A181-0FB04E151E90}.Release|x64.Build.0 = Release|x64
		{A5C23ACC-44EF-4762-A181-0FB04E151E90}.Release|x86.ActiveCfg = Release|Win32
		{A5C23ACC-44EF-4762-A181-0FB04E151E90}.Release|x86.Build.0 = Release|Win32
		{A2C3E198-B590-4152-B6B5-0CB9E7F7188D}.Debug|Any CPU.ActiveCfg = Debug|Win32
		{A2C3E198-B590-4152-B6B5-0CB9E7F7188D}.Debug|x64.ActiveCfg = Debug|x64
		{A2C3E198-B590-4152-B6B5-0CB9E7F7188D}.Debug|x64.Build.0 = Debug|x64
		{A2C3E198-B590-4152-B6B5-0CB9E7F7188D}.Debug|x86.ActiveCfg = Debug|Win32
		{A2C3E198-B590-4152-B6B5-0CB9E7F7188D}.Debug|x86.Build.0 = Debug|Win32
		{A2C3E198-B590-4152-B6B5-0CB9E7F7188D}.Release|Any CPU.ActiveCfg = Release|Win32
		{A2C3E198-B590-4152-B6B5-0CB9E7F7188D}.Release|x64.ActiveCfg = Release|x64
		{A2C3E198-B590-4152-B6B5-0CB9E7F7188D}.Release|x64.Build.0 = Release|x64
		{A2C3E198-B590-4152-B6B5-0CB9E7F7188D}.Release|x86.ActiveCfg = Release|Win32
		{A2C3E198-B590-4152-B6B5-0CB9E7F7188D}.Release|x86.Build.0 = Release|Win32
		{6719132A-B814-4E71-AEA1-0213F9910FE5}.Debug|Any CPU.ActiveCfg = Debug|Win32
		{6719132A-B814-4E71-AEA1-0213F9910FE5}.Debug|x64.ActiveCfg = Debug|x64
		{6719132A-B814-4E71-AEA1-0213F9910FE5}.Debug|x64.Build.0 = Debug|x64
		{6719132A-B814-4E71-AEA1-0213F9910FE5}.Debug|x86.ActiveCfg = Debug|Win32
		{6719132A-B814-4E71-AEA1-0213F9910FE5}.Debug|x86.Build.0 = Debug|Win32
		{6719132A-B814-4E71-AEA1-0213F9910FE5}.Release|Any CPU.ActiveCfg = Release|Win32
		{6719132A-B814-4E71-AEA1-0213F9910FE5}.Release|x64.ActiveCfg = Release|x64
		{6719132A-B814-4E71-AEA1-0213F9910FE5}.Release|x64.Build.0 = Release|x64
		{6719132A-B814-4E71-AEA1-0213F9910FE5}.Release|x86.ActiveCfg = Release|Win32
		{6719132A-B814-4E71-AEA1-0213F9910FE5}.Release|x86.Build.0 = Release|Win32
		{04070D1B-9784-47E5-B2D9-4F4C720890C0}.Debug|Any CPU.ActiveCfg = Debug|Win32
		{04070D1B-9784-47E5-B2D9-4F4C720890C0}.Debug|x64.ActiveCfg = Debug|x64
		{04070D1B-9784-47E5-B2D9-4F4C720890C0}.Debug|x64.Build.0 = Debug|x64
		{04070D1B-9784-47E5-B2D9-4F4C720890C0}.Debug|x86.ActiveCfg = Debug|Win32
		{04070D1B-9784-47E5-B2D9-4F4C720890C0}.Debug|x86.Build.0 = Debug|Win32
		{04070D1B-9784-47E5-B2D9-4F4C720890C0}.Release|Any CPU.ActiveCfg = Release|Win32
		{04070D1B-9784-47E5-B2D9-4F4C720890C0}.Release|x64.ActiveCfg = Release|x64
		{04070D1B-9784-47E5-B2D9-4F4C720890C0}.Release|x64.Build.0 = Release|x64
		{04070D1B-9784-47E5-B2D9-4F4C720890C0}.Release|x86.ActiveCfg = Release|Win32
		{04070D1B-9784-47E5-B2D9-4F4C720890C0}.Release|x86.Build.0 = Release|Win32
		{4AC1E30A-5B26-4801-B5C5-83E09382A7CF}.Debug|Any CPU.ActiveCfg = Debug|Win32
		{4AC1E30A-5B26-4801-B5C5-83E09382A7CF}.Debug|x64.ActiveCfg = Debug|x64
		{4AC1E30A-5B26-4801-B5C5-83E09382A7CF}.Debug|x64.Build.0 = Debug|x64
		{4AC1E30A-5B26-4801-B5C5-83E09382A7CF}.Debug|x86.ActiveCfg = Debug|Win32
		{4AC1E30A-5B26-4801-B5C5-83E09382A7CF}.Debug|x86.Build.0 = Debug|Win32
		{4AC1E30A-5B26-4801-B5C5-83E09382A7CF}.Release|Any CPU.ActiveCfg = Release|x64
		{4AC1E30A-5B26-4801-B5C5-83E09382A7CF}.Release|x64.ActiveCfg = Release|x64
		{4AC1E30A-5B26-4801-B5C5-83E09382A7CF}.Release|x64.Build.0 = Release|x64
		{4AC1E30A-5B26-4801-B5C5-83E09382A7CF}.Release|x86.ActiveCfg = Debug|Win32
		{4AC1E30A-5B26-4801-B5C5-83E09382A7CF}.Release|x86.Build.0 = Debug|Win32
		{55BF4BCB-69EC-4288-AEAF-BC30CA426836}.Debug|Any CPU.ActiveCfg = Debug|Win32
		{55BF4BCB-69EC-4288-AEAF-BC30CA426836}.Debug|x64.ActiveCfg = Debug|x64
		{55BF4BCB-69EC-4288-AEAF-BC30CA426836}.Debug|x64.Build.0 = Debug|x64
		{55BF4BCB-69EC-4288-AEAF-BC30CA426836}.Debug|x86.ActiveCfg = Debug|Win32
		{55BF4BCB-69EC-4288-AEAF-BC30CA426836}.Debug|x86.Build.0 = Debug|Win32
		{55BF4BCB-69EC-4288-AEAF-BC30CA426836}.Release|Any CPU.ActiveCfg = Release|Win32
		{55BF4BCB-69EC-4288-AEAF-BC30CA426836}.Release|x64.ActiveCfg = Release|x64
		{55BF4BCB-69EC-4288-AEAF-BC30CA426836}.Release|x64.Build.0 = Release|x64
		{55BF4BCB-69EC-4288-AEAF-BC30CA426836}.Release|x86.ActiveCfg = Release|Win32
		{55BF4BCB-69EC-4288-AEAF-BC30CA426836}.Release|x86.Build.0 = Release|Win32
		{0012B9D0-206A-479F-A940-E24B0245C504}.Debug|Any CPU.ActiveCfg = Debug|Win32
		{0012B9D0-206A-479F-A940-E24B0245C504}.Debug|x64.ActiveCfg = Debug|x64
		{0012B9D0-206A-479F-A940-E24B0245C504}.Debug|x64.Build.0 = Debug|x64
		{0012B9D0-206A-479F-A940-E24B0245C504}.Debug|x86.ActiveCfg = Debug|Win32
		{0012B9D0-206A-479F-A940-E24B0245C504}.Debug|x86.Build.0 = Debug|Win32
		{0012B9D0-206A-479F-A940-E24B0245C504}.Release|Any CPU.ActiveCfg = Release|Win32
		{0012B9D0-206A-479F-A940-E24B0245C504}.Release|x64.ActiveCfg = Release|x64
		{0012B9D0-206A-479F-A940-E24B0245C504}.Release|x64.Build.0 = Release|x64
		{0012B9D0-206A-479F-A940-E24B0245C504}.Release|x86.ActiveCfg = Release|Win32
		{0012B9D0-206A-479F-A940-E24B0245C504}.Release|x86.Build.0 = Release|Win32
		{342AF85E-722F-4D61-B7AE-4C89AB3E92E1}.Debug|Any CPU.ActiveCfg = Debug|Win32
		{342AF85E-722F-4D61-B7AE-4C89AB3E92E1}.Debug|x64.ActiveCfg = Debug|x64
		{342AF85E-722F-4D61-B7AE-4C89AB3E92E1}.Debug|x64.Build.0 = Debug|x64
		{342AF85E-722F-4D61-B7AE-4C89AB3E92E1}.Debug|x86.ActiveCfg = Debug|Win32
		{342AF85E-722F-4D61-B7AE-4C89AB3E92E1}.Debug|x86.Build.0 = Debug|Win32
		{342AF85E-722F-4D61-B7AE-4C89AB3E92E1}.Release|Any CPU.ActiveCfg = Release|Win32
		{342AF85E-722F-4D61-B7AE-4C89AB3E92E1}.Release|x64.ActiveCfg = Release|x64
		{342AF85E-722F-4D61-B7AE-4C89AB3E92E1}.Release|x64.Build.0 = Release|x64
		{342AF85E-722F-4D61-B7AE-4C89AB3E92E1}.Release|x86.ActiveCfg = Release|Win32
		{342AF85E-722F-4D61-B7AE-4C89AB3E92E1}.Release|x86.Build.0 = Release|Win32
		{C66C47A8-99EB-4A15-BB04-5C2C05B4543C}.Debug|Any CPU.ActiveCfg = Debug|Win32
		{C66C47A8-99EB-4A15-BB04-5C2C05B4543C}.Debug|x64.ActiveCfg = Debug|x64
		{C66C47A8-99EB-4A15-BB04-5C2C05B4543C}.Debug|x64.Build.0 = Debug|x64
		{C66C47A8-99EB-4A15-BB04-5C2C05B4543C}.Debug|x86.ActiveCfg = Debug|Win32
		{C66C47A8-99EB-4A15-BB04-5C2C05B4543C}.Debug|x86.Build.0 = Debug|Win32
		{C66C47A8-99EB-4A15-BB04-5C2C05B4543C}.Release|Any CPU.ActiveCfg = Release|Win32
		{C66C47A8-99EB-4A15-BB04-5C2C05B4543C}.Release|x64.ActiveCfg = Release|x64
		{C66C47A8-99EB-4A15-BB04-5C2C05B4543C}.Release|x64.Build.0 = Release|x64
		{C66C47A8-99EB-4A15-BB04-5C2C05B4543C}.Release|x86.ActiveCfg = Release|Win32
		{C66C47A8-99EB-4A15-BB04-5C2C05B4543C}.Release|x86.Build.0 = Release|Win32
		{062AF749-266A-4F79-A93A-6254641FB2A8}.Debug|Any CPU.ActiveCfg = Debug|Win32
		{062AF749-266A-4F79-A93A-6254641FB2A8}.Debug|x64.ActiveCfg = Debug|x64
		{062AF749-266A-4F79-A93A-6254641FB2A8}.Debug|x64.Build.0 = Debug|x64
		{062AF749-266A-4F79-A93A-6254641FB2A8}.Debug|x86.ActiveCfg = Debug|Win32
		{062AF749-266A-4F79-A93A-6254641FB2A8}.Debug|x86.Build.0 = Debug|Win32
		{062AF749-266A-4F79-A93A-6254641FB2A8}.Release|Any CPU.ActiveCfg = Release|Win32
		{062AF749-266A-4F79-A93A-6254641FB2A8}.Release|x64.ActiveCfg = Release|x64
		{062AF749-266A-4F79-A93A-6254641FB2A8}.Release|x64.Build.0 = Release|x64
		{062AF749-266A-4F79-A93A-6254641FB2A8}.Release|x86.ActiveCfg = Release|Win32
		{062AF749-266A-4F79-A93A-6254641FB2A8}.Release|x86.Build.0 = Release|Win32
		{A35032CB-1ADC-45C9-A9CB-FAF9194B54ED}.Debug|Any CPU.ActiveCfg = Debug|Win32
		{A35032CB-1ADC-45C9-A9CB-FAF9194B54ED}.Debug|x64.ActiveCfg = Debug|x64
		{A35032CB-1ADC-45C9-A9CB-FAF9194B54ED}.Debug|x64.Build.0 = Debug|x64
		{A35032CB-1ADC-45C9-A9CB-FAF9194B54ED}.Debug|x86.ActiveCfg = Debug|Win32
		{A35032CB-1ADC-45C9-A9CB-FAF9194B54ED}.Debug|x86.Build.0 = Debug|Win32
		{A35032CB-1ADC-45C9-A9CB-FAF9194B54ED}.Release|Any CPU.ActiveCfg = Release|Win32
		{A35032CB-1ADC-45C9-A9CB-FAF9194B54ED}.Release|x64.ActiveCfg = Release|x64
		{A35032CB-1ADC-45C9-A9CB-FAF9194B54ED}.Release|x64.Build.0 = Release|x64
		{A35032CB-1ADC-45C9-A9CB-FAF9194B54ED}.Release|x86.ActiveCfg = Release|Win32
		{A35032CB-1ADC-45C9-A9CB-FAF9194B54ED}.Release|x86.Build.0 = Release|Win32
		{25F27419-C450-44D0-98F7-350DAF7705B1}.Debug|Any CPU.ActiveCfg = Debug|Win32
		{25F27419-C450-44D0-98F7-350DAF7705B1}.Debug|x64.ActiveCfg = Debug|x64
		{25F27419-C450-44D0-98F7-350DAF7705B1}.Debug|x64.Build.0 = Debug|x64
		{25F27419-C450-44D0-98F7-350DAF7705B1}.Debug|x86.ActiveCfg = Debug|Win32
		{25F27419-C450-44D0-98F7-350DAF7705B1}.Debug|x86.Build.0 = Debug|Win32
		{25F27419-C450-44D0-98F7-350DAF7705B1}.Release|Any CPU.ActiveCfg = Release|Win32
		{25F27419-C450-44D0-98F7-350DAF7705B1}.Release|x64.ActiveCfg = Release|x64
		{25F27419-C450-44D0-98F7-350DAF7705B1}.Release|x64.Build.0 = Release|x64
		{25F27419-C450-44D0-98F7-350DAF7705B1}.Release|x86.ActiveCfg = Release|Win32
		{25F27419-C450-44D0-98F7-350DAF7705B1}.Release|x86.Build.0 = Release|Win32
	EndGlobalSection
	GlobalSection(SolutionProperties) = preSolution
		HideSolutionNode = FALSE
	EndGlobalSection
EndGlobal
